
Microsoft Visual Studio Solution File, Format Version 12.00
# Visual Studio Version 16
VisualStudioVersion = 16.0.31005.135
MinimumVisualStudioVersion = 10.0.40219.1
Project("{8BC9CEB8-8B4A-11D0-8D11-00A0C91BC942}") = "test1kinp", "test1kinp\test1kinp.vcxproj", "{B7BA1649-8361-429A-AD4C-6B697D9C4B35}"
EndProject
Project("{8BC9CEB8-8B4A-11D0-8D11-00A0C91BC942}") = "Test_point_on_segment", "Test_point_on_segment\Test_point_on_segment.vcxproj", "{B2F97B4C-17E4-4D89-BA85-45AB81DC71CE}"
EndProject
Project("{8BC9CEB8-8B4A-11D0-8D11-00A0C91BC942}") = "Test_intersect", "Test_intersect\Test_intersect.vcxproj", "{5D7165F6-21DD-4C06-9985-729A6626DE64}"
EndProject
Project("{8BC9CEB8-8B4A-11D0-8D11-00A0C91BC942}") = "Test_ray_intersection_segment", "Test_ray_intersection_segment\Test_ray_intersection_segment.vcxproj", "{906B1DA9-6A33-4D39-8C40-19535E7563F5}"
EndProject
Global
	GlobalSection(SolutionConfigurationPlatforms) = preSolution
		Debug|x64 = Debug|x64
		Debug|x86 = Debug|x86
		Release|x64 = Release|x64
		Release|x86 = Release|x86
	EndGlobalSection
	GlobalSection(ProjectConfigurationPlatforms) = postSolution
		{B7BA1649-8361-429A-AD4C-6B697D9C4B35}.Debug|x64.ActiveCfg = Debug|x64
		{B7BA1649-8361-429A-AD4C-6B697D9C4B35}.Debug|x64.Build.0 = Debug|x64
		{B7BA1649-8361-429A-AD4C-6B697D9C4B35}.Debug|x86.ActiveCfg = Debug|Win32
		{B7BA1649-8361-429A-AD4C-6B697D9C4B35}.Debug|x86.Build.0 = Debug|Win32
		{B7BA1649-8361-429A-AD4C-6B697D9C4B35}.Release|x64.ActiveCfg = Release|x64
		{B7BA1649-8361-429A-AD4C-6B697D9C4B35}.Release|x64.Build.0 = Release|x64
		{B7BA1649-8361-429A-AD4C-6B697D9C4B35}.Release|x86.ActiveCfg = Release|Win32
		{B7BA1649-8361-429A-AD4C-6B697D9C4B35}.Release|x86.Build.0 = Release|Win32
		{B2F97B4C-17E4-4D89-BA85-45AB81DC71CE}.Debug|x64.ActiveCfg = Debug|x64
		{B2F97B4C-17E4-4D89-BA85-45AB81DC71CE}.Debug|x64.Build.0 = Debug|x64
		{B2F97B4C-17E4-4D89-BA85-45AB81DC71CE}.Debug|x86.ActiveCfg = Debug|Win32
		{B2F97B4C-17E4-4D89-BA85-45AB81DC71CE}.Debug|x86.Build.0 = Debug|Win32
		{B2F97B4C-17E4-4D89-BA85-45AB81DC71CE}.Release|x64.ActiveCfg = Release|x64
		{B2F97B4C-17E4-4D89-BA85-45AB81DC71CE}.Release|x64.Build.0 = Release|x64
		{B2F97B4C-17E4-4D89-BA85-45AB81DC71CE}.Release|x86.ActiveCfg = Release|Win32
		{B2F97B4C-17E4-4D89-BA85-45AB81DC71CE}.Release|x86.Build.0 = Release|Win32
		{5D7165F6-21DD-4C06-9985-729A6626DE64}.Debug|x64.ActiveCfg = Debug|x64
		{5D7165F6-21DD-4C06-9985-729A6626DE64}.Debug|x64.Build.0 = Debug|x64
		{5D7165F6-21DD-4C06-9985-729A6626DE64}.Debug|x86.ActiveCfg = Debug|Win32
		{5D7165F6-21DD-4C06-9985-729A6626DE64}.Debug|x86.Build.0 = Debug|Win32
		{5D7165F6-21DD-4C06-9985-729A6626DE64}.Release|x64.ActiveCfg = Release|x64
		{5D7165F6-21DD-4C06-9985-729A6626DE64}.Release|x64.Build.0 = Release|x64
		{5D7165F6-21DD-4C06-9985-729A6626DE64}.Release|x86.ActiveCfg = Release|Win32
		{5D7165F6-21DD-4C06-9985-729A6626DE64}.Release|x86.Build.0 = Release|Win32
		{906B1DA9-6A33-4D39-8C40-19535E7563F5}.Debug|x64.ActiveCfg = Debug|x64
		{906B1DA9-6A33-4D39-8C40-19535E7563F5}.Debug|x64.Build.0 = Debug|x64
		{906B1DA9-6A33-4D39-8C40-19535E7563F5}.Debug|x86.ActiveCfg = Debug|Win32
		{906B1DA9-6A33-4D39-8C40-19535E7563F5}.Debug|x86.Build.0 = Debug|Win32
		{906B1DA9-6A33-4D39-8C40-19535E7563F5}.Release|x64.ActiveCfg = Release|x64
		{906B1DA9-6A33-4D39-8C40-19535E7563F5}.Release|x64.Build.0 = Release|x64
		{906B1DA9-6A33-4D39-8C40-19535E7563F5}.Release|x86.ActiveCfg = Release|Win32
		{906B1DA9-6A33-4D39-8C40-19535E7563F5}.Release|x86.Build.0 = Release|Win32
	EndGlobalSection
	GlobalSection(SolutionProperties) = preSolution
		HideSolutionNode = FALSE
	EndGlobalSection
	GlobalSection(ExtensibilityGlobals) = postSolution
		SolutionGuid = {E8F88BCB-3695-4B6D-91E7-575291B8B31A}
	EndGlobalSection
EndGlobal
